
Microsoft Visual Studio Solution File, Format Version 12.00
# Visual Studio Express 2012 for Web
Project("{FAE04EC0-301F-11D3-BF4B-00C04F79EFBC}") = "VGC.Website", "VGC.Website\VGC.Website.csproj", "{80FC6617-EDB9-4EAD-AA85-31EF36D351C8}"
EndProject
Project("{FAE04EC0-301F-11D3-BF4B-00C04F79EFBC}") = "VGC.Website.Tests", "VGC.Website.Tests\VGC.Website.Tests.csproj", "{8AAB8E84-6CCD-49A8-ABEF-9511F25E8F8E}"
EndProject
Project("{2150E333-8FDC-42A3-9474-1A3956D46DE8}") = ".nuget", ".nuget", "{19A6673C-6DC2-4A61-9D20-257CE6A719B1}"
	ProjectSection(SolutionItems) = preProject
		.nuget\NuGet.Config = .nuget\NuGet.Config
		.nuget\NuGet.exe = .nuget\NuGet.exe
		.nuget\NuGet.targets = .nuget\NuGet.targets
	EndProjectSection
EndProject
Project("{FAE04EC0-301F-11D3-BF4B-00C04F79EFBC}") = "VGC.DomainModel", "VGC.DomainModel\VGC.DomainModel.csproj", "{1C762E80-01A2-48A9-A822-499569F5C4EF}"
EndProject
Project("{FAE04EC0-301F-11D3-BF4B-00C04F79EFBC}") = "VGC.DataAccess", "VGC.DataAccess\VGC.DataAccess.csproj", "{8D2D1990-CA5D-4A5C-BF42-31DDB984E13D}"
EndProject
Project("{FAE04EC0-301F-11D3-BF4B-00C04F79EFBC}") = "VGC.DataTransferObjects", "VGC.DataTransferObjects\VGC.DataTransferObjects.csproj", "{4BB400EE-4C90-4F10-979E-5FADE4795CA2}"
EndProject
Global
	GlobalSection(SolutionConfigurationPlatforms) = preSolution
		Debug|Any CPU = Debug|Any CPU
		Release|Any CPU = Release|Any CPU
	EndGlobalSection
	GlobalSection(ProjectConfigurationPlatforms) = postSolution
		{80FC6617-EDB9-4EAD-AA85-31EF36D351C8}.Debug|Any CPU.ActiveCfg = Debug|Any CPU
		{80FC6617-EDB9-4EAD-AA85-31EF36D351C8}.Debug|Any CPU.Build.0 = Debug|Any CPU
		{80FC6617-EDB9-4EAD-AA85-31EF36D351C8}.Release|Any CPU.ActiveCfg = Release|Any CPU
		{80FC6617-EDB9-4EAD-AA85-31EF36D351C8}.Release|Any CPU.Build.0 = Release|Any CPU
		{8AAB8E84-6CCD-49A8-ABEF-9511F25E8F8E}.Debug|Any CPU.ActiveCfg = Debug|Any CPU
		{8AAB8E84-6CCD-49A8-ABEF-9511F25E8F8E}.Debug|Any CPU.Build.0 = Debug|Any CPU
		{8AAB8E84-6CCD-49A8-ABEF-9511F25E8F8E}.Release|Any CPU.ActiveCfg = Release|Any CPU
		{8AAB8E84-6CCD-49A8-ABEF-9511F25E8F8E}.Release|Any CPU.Build.0 = Release|Any CPU
		{1C762E80-01A2-48A9-A822-499569F5C4EF}.Debug|Any CPU.ActiveCfg = Debug|Any CPU
		{1C762E80-01A2-48A9-A822-499569F5C4EF}.Debug|Any CPU.Build.0 = Debug|Any CPU
		{1C762E80-01A2-48A9-A822-499569F5C4EF}.Release|Any CPU.ActiveCfg = Release|Any CPU
		{1C762E80-01A2-48A9-A822-499569F5C4EF}.Release|Any CPU.Build.0 = Release|Any CPU
		{8D2D1990-CA5D-4A5C-BF42-31DDB984E13D}.Debug|Any CPU.ActiveCfg = Debug|Any CPU
		{8D2D1990-CA5D-4A5C-BF42-31DDB984E13D}.Debug|Any CPU.Build.0 = Debug|Any CPU
		{8D2D1990-CA5D-4A5C-BF42-31DDB984E13D}.Release|Any CPU.ActiveCfg = Release|Any CPU
		{8D2D1990-CA5D-4A5C-BF42-31DDB984E13D}.Release|Any CPU.Build.0 = Release|Any CPU
		{4BB400EE-4C90-4F10-979E-5FADE4795CA2}.Debug|Any CPU.ActiveCfg = Debug|Any CPU
		{4BB400EE-4C90-4F10-979E-5FADE4795CA2}.Debug|Any CPU.Build.0 = Debug|Any CPU
		{4BB400EE-4C90-4F10-979E-5FADE4795CA2}.Release|Any CPU.ActiveCfg = Release|Any CPU
		{4BB400EE-4C90-4F10-979E-5FADE4795CA2}.Release|Any CPU.Build.0 = Release|Any CPU
	EndGlobalSection
	GlobalSection(SolutionProperties) = preSolution
		HideSolutionNode = FALSE
	EndGlobalSection
EndGlobal
